
Microsoft Visual Studio Solution File, Format Version 12.00
# Visual Studio Version 17
VisualStudioVersion = 17.9.34728.123
MinimumVisualStudioVersion = 10.0.40219.1
Project("{FAE04EC0-301F-11D3-BF4B-00C04F79EFBC}") = "Models", "Models\Models.csproj", "{2DEADC01-B86B-408E-85AC-D9A1A852B284}"
EndProject
Project("{FAE04EC0-301F-11D3-BF4B-00C04F79EFBC}") = "DoubtApi", "DoubtApi\DoubtApi.csproj", "{512A8B98-213E-42D5-AB8B-43D29E65D550}"
EndProject
Project("{FAE04EC0-301F-11D3-BF4B-00C04F79EFBC}") = "OpportunityApi", "OpportunityApi\OpportunityApi.csproj", "{1CAE0998-D336-45E2-8EB3-181451857039}"
EndProject
Global
	GlobalSection(SolutionConfigurationPlatforms) = preSolution
		Debug|Any CPU = Debug|Any CPU
		Release|Any CPU = Release|Any CPU
	EndGlobalSection
	GlobalSection(ProjectConfigurationPlatforms) = postSolution
		{2DEADC01-B86B-408E-85AC-D9A1A852B284}.Debug|Any CPU.ActiveCfg = Debug|Any CPU
		{2DEADC01-B86B-408E-85AC-D9A1A852B284}.Debug|Any CPU.Build.0 = Debug|Any CPU
		{2DEADC01-B86B-408E-85AC-D9A1A852B284}.Release|Any CPU.ActiveCfg = Release|Any CPU
		{2DEADC01-B86B-408E-85AC-D9A1A852B284}.Release|Any CPU.Build.0 = Release|Any CPU
		{512A8B98-213E-42D5-AB8B-43D29E65D550}.Debug|Any CPU.ActiveCfg = Debug|Any CPU
		{512A8B98-213E-42D5-AB8B-43D29E65D550}.Debug|Any CPU.Build.0 = Debug|Any CPU
		{512A8B98-213E-42D5-AB8B-43D29E65D550}.Release|Any CPU.ActiveCfg = Release|Any CPU
		{512A8B98-213E-42D5-AB8B-43D29E65D550}.Release|Any CPU.Build.0 = Release|Any CPU
		{1CAE0998-D336-45E2-8EB3-181451857039}.Debug|Any CPU.ActiveCfg = Debug|Any CPU
		{1CAE0998-D336-45E2-8EB3-181451857039}.Debug|Any CPU.Build.0 = Debug|Any CPU
		{1CAE0998-D336-45E2-8EB3-181451857039}.Release|Any CPU.ActiveCfg = Release|Any CPU
		{1CAE0998-D336-45E2-8EB3-181451857039}.Release|Any CPU.Build.0 = Release|Any CPU
	EndGlobalSection
	GlobalSection(SolutionProperties) = preSolution
		HideSolutionNode = FALSE
	EndGlobalSection
	GlobalSection(ExtensibilityGlobals) = postSolution
		SolutionGuid = {EF940D1C-1FA7-4205-86D5-D0F23AE27380}
	EndGlobalSection
EndGlobal
